
Microsoft Visual Studio Solution File, Format Version 12.00
# Visual Studio Version 16
VisualStudioVersion = 16.0.31729.503
MinimumVisualStudioVersion = 10.0.40219.1
Project("{FAE04EC0-301F-11D3-BF4B-00C04F79EFBC}") = "BTTH_C3_BT1", "BTTH_C3_BT1.csproj", "{21B1A071-BE08-4195-AD79-985BFED01BDE}"
EndProject
Global
	GlobalSection(SolutionConfigurationPlatforms) = preSolution
		Debug|Any CPU = Debug|Any CPU
		Release|Any CPU = Release|Any CPU
	EndGlobalSection
	GlobalSection(ProjectConfigurationPlatforms) = postSolution
		{21B1A071-BE08-4195-AD79-985BFED01BDE}.Debug|Any CPU.ActiveCfg = Debug|Any CPU
		{21B1A071-BE08-4195-AD79-985BFED01BDE}.Debug|Any CPU.Build.0 = Debug|Any CPU
		{21B1A071-BE08-4195-AD79-985BFED01BDE}.Release|Any CPU.ActiveCfg = Release|Any CPU
		{21B1A071-BE08-4195-AD79-985BFED01BDE}.Release|Any CPU.Build.0 = Release|Any CPU
	EndGlobalSection
	GlobalSection(SolutionProperties) = preSolution
		HideSolutionNode = FALSE
	EndGlobalSection
	GlobalSection(ExtensibilityGlobals) = postSolution
		SolutionGuid = {6F33AD99-ED4B-4F01-8BFF-F9DF7BDE641B}
	EndGlobalSection
EndGlobal
