
Microsoft Visual Studio Solution File, Format Version 12.00
# Visual Studio Version 16
VisualStudioVersion = 16.0.31911.196
MinimumVisualStudioVersion = 10.0.40219.1
Project("{FAE04EC0-301F-11D3-BF4B-00C04F79EFBC}") = "BTTH_C6_BT2", "BTTH_C6_BT2\BTTH_C6_BT2.csproj", "{3480C3C4-9F7A-4382-975F-12BCCC64EB81}"
EndProject
Global
	GlobalSection(SolutionConfigurationPlatforms) = preSolution
		Debug|Any CPU = Debug|Any CPU
		Release|Any CPU = Release|Any CPU
	EndGlobalSection
	GlobalSection(ProjectConfigurationPlatforms) = postSolution
		{3480C3C4-9F7A-4382-975F-12BCCC64EB81}.Debug|Any CPU.ActiveCfg = Debug|Any CPU
		{3480C3C4-9F7A-4382-975F-12BCCC64EB81}.Debug|Any CPU.Build.0 = Debug|Any CPU
		{3480C3C4-9F7A-4382-975F-12BCCC64EB81}.Release|Any CPU.ActiveCfg = Release|Any CPU
		{3480C3C4-9F7A-4382-975F-12BCCC64EB81}.Release|Any CPU.Build.0 = Release|Any CPU
	EndGlobalSection
	GlobalSection(SolutionProperties) = preSolution
		HideSolutionNode = FALSE
	EndGlobalSection
	GlobalSection(ExtensibilityGlobals) = postSolution
		SolutionGuid = {3B4E6B1C-F599-4593-9E53-6EE1D69F336A}
	EndGlobalSection
EndGlobal
