
Microsoft Visual Studio Solution File, Format Version 12.00
# Visual Studio Version 16
VisualStudioVersion = 16.0.31729.503
MinimumVisualStudioVersion = 10.0.40219.1
Project("{FAE04EC0-301F-11D3-BF4B-00C04F79EFBC}") = "BTTH_C3_BT4", "BTTH_C3_BT4.csproj", "{12FA97D4-5781-499A-9A77-E4BB2C190985}"
EndProject
Global
	GlobalSection(SolutionConfigurationPlatforms) = preSolution
		Debug|Any CPU = Debug|Any CPU
		Release|Any CPU = Release|Any CPU
	EndGlobalSection
	GlobalSection(ProjectConfigurationPlatforms) = postSolution
		{12FA97D4-5781-499A-9A77-E4BB2C190985}.Debug|Any CPU.ActiveCfg = Debug|Any CPU
		{12FA97D4-5781-499A-9A77-E4BB2C190985}.Debug|Any CPU.Build.0 = Debug|Any CPU
		{12FA97D4-5781-499A-9A77-E4BB2C190985}.Release|Any CPU.ActiveCfg = Release|Any CPU
		{12FA97D4-5781-499A-9A77-E4BB2C190985}.Release|Any CPU.Build.0 = Release|Any CPU
	EndGlobalSection
	GlobalSection(SolutionProperties) = preSolution
		HideSolutionNode = FALSE
	EndGlobalSection
	GlobalSection(ExtensibilityGlobals) = postSolution
		SolutionGuid = {441AAB00-57B0-4280-8242-5CDF53A5DCA9}
	EndGlobalSection
EndGlobal
